
Microsoft Visual Studio Solution File, Format Version 12.00
# Visual Studio Version 16
VisualStudioVersion = 16.0.30011.22
MinimumVisualStudioVersion = 10.0.40219.1
Project("{FAE04EC0-301F-11D3-BF4B-00C04F79EFBC}") = "ArtRecommenderSystem", "ArtRecommenderSystem\ArtRecommenderSystem.csproj", "{948D634F-7F23-4A91-99B9-A4734D8A5801}"
EndProject
Global
	GlobalSection(SolutionConfigurationPlatforms) = preSolution
		Debug|Any CPU = Debug|Any CPU
		Release|Any CPU = Release|Any CPU
	EndGlobalSection
	GlobalSection(ProjectConfigurationPlatforms) = postSolution
		{948D634F-7F23-4A91-99B9-A4734D8A5801}.Debug|Any CPU.ActiveCfg = Debug|Any CPU
		{948D634F-7F23-4A91-99B9-A4734D8A5801}.Debug|Any CPU.Build.0 = Debug|Any CPU
		{948D634F-7F23-4A91-99B9-A4734D8A5801}.Release|Any CPU.ActiveCfg = Release|Any CPU
		{948D634F-7F23-4A91-99B9-A4734D8A5801}.Release|Any CPU.Build.0 = Release|Any CPU
	EndGlobalSection
	GlobalSection(SolutionProperties) = preSolution
		HideSolutionNode = FALSE
	EndGlobalSection
	GlobalSection(ExtensibilityGlobals) = postSolution
		SolutionGuid = {AB87E5BB-F0D4-4D3F-A089-06A0417C626E}
	EndGlobalSection
EndGlobal
